
Microsoft Visual Studio Solution File, Format Version 12.00
# Visual Studio Version 17
VisualStudioVersion = 17.11.35312.102
MinimumVisualStudioVersion = 10.0.40219.1
Project("{2150E333-8FDC-42A3-9474-1A3956D46DE8}") = "Solution Items", "Solution Items", "{50A67DB2-4C05-4EED-9777-D33C50E515DF}"
	ProjectSection(SolutionItems) = preProject
		.gitignore = .gitignore
		global.json = global.json
		README.md = README.md
	EndProjectSection
EndProject
Project("{2150E333-8FDC-42A3-9474-1A3956D46DE8}") = "src", "src", "{C90839D4-3021-4E3E-BBC7-5ABBD3ED72BC}"
EndProject
Project("{2150E333-8FDC-42A3-9474-1A3956D46DE8}") = "Tests", "Tests", "{4A9883F0-DEA3-4BD8-A8B3-676928FC2F37}"
EndProject
Project("{2150E333-8FDC-42A3-9474-1A3956D46DE8}") = "BuildingBlocks", "BuildingBlocks", "{2A819034-674C-4F7F-994A-EC5D3375E564}"
EndProject
Project("{9A19103F-16F7-4668-BE54-9A1E7A4F7556}") = "Common.Logging", "src\BuildingBlocks\Common.Logging\Common.Logging.csproj", "{DF7D5B0A-6A16-45EC-9368-AE14909B0A12}"
EndProject
Project("{9A19103F-16F7-4668-BE54-9A1E7A4F7556}") = "EventBus.Messages", "src\BuildingBlocks\EventBus.Messages\EventBus.Messages.csproj", "{00CB9803-E80B-4D30-8CD3-F6E76E08184C}"
EndProject
Project("{2150E333-8FDC-42A3-9474-1A3956D46DE8}") = "Services", "Services", "{C62B9CBE-DFBA-4592-97CA-A10B9C124A5B}"
EndProject
Project("{9A19103F-16F7-4668-BE54-9A1E7A4F7556}") = "Basket.API", "src\Services\Basket.API\Basket.API.csproj", "{9A9F1208-D6E8-4C2D-93A5-603FD1E0AD26}"
EndProject
Project("{2150E333-8FDC-42A3-9474-1A3956D46DE8}") = "WebApps", "WebApps", "{4ED86563-CD6D-484A-99E5-4990FDC602D6}"
EndProject
Project("{9A19103F-16F7-4668-BE54-9A1E7A4F7556}") = "WebHealthStatus", "src\WebApps\WebHealthStatus\WebHealthStatus.csproj", "{2198D6EC-B90F-4E4B-B079-E25D6D402F4E}"
EndProject
Project("{9A19103F-16F7-4668-BE54-9A1E7A4F7556}") = "Inventory.Product.API", "src\Services\Inventory.Product.API\Inventory.Product.API.csproj", "{68159084-3E40-4A1D-B254-711E9E120139}"
EndProject
Project("{9A19103F-16F7-4668-BE54-9A1E7A4F7556}") = "Customer.API", "src\Services\Customer.API\Customer.API.csproj", "{E719394C-D2AD-4CAE-AC19-082E1A445033}"
EndProject
Project("{9A19103F-16F7-4668-BE54-9A1E7A4F7556}") = "Ordering.API", "src\Services\Ordering.API\Ordering.API.csproj", "{C0622FA9-2386-40B3-A275-0EDA241B1793}"
EndProject
Project("{9A19103F-16F7-4668-BE54-9A1E7A4F7556}") = "Handfire.API", "src\Services\Handfire.API\Handfire.API.csproj", "{902BA47E-441B-4BAC-BEC6-CBF20C1FF1AB}"
EndProject
Project("{FAE04EC0-301F-11D3-BF4B-00C04F79EFBC}") = "Product.API", "src\Services\Product.API\Product.API.csproj", "{B3AD61BD-CA51-4AEE-94B4-F15E93E75340}"
EndProject
Project("{9A19103F-16F7-4668-BE54-9A1E7A4F7556}") = "Contracts", "src\BuildingBlocks\Contracts\Contracts.csproj", "{3714FCCF-1CB6-43DD-BD34-A959B388CB96}"
EndProject
Project("{FAE04EC0-301F-11D3-BF4B-00C04F79EFBC}") = "Infrastructure", "src\BuildingBlocks\Infrastructure\Infrastructure.csproj", "{970C2FB7-9A26-4904-86A2-865AA6FD6299}"
EndProject
Project("{FAE04EC0-301F-11D3-BF4B-00C04F79EFBC}") = "Shared", "src\BuildingBlocks\Shared\Shared.csproj", "{31EA6DA8-DEAA-43ED-B8A8-9E1E56D3808E}"
EndProject
Project("{2150E333-8FDC-42A3-9474-1A3956D46DE8}") = "ApiGateways", "ApiGateways", "{13EE4330-CA48-4164-973E-46CE138A5057}"
EndProject
Project("{9A19103F-16F7-4668-BE54-9A1E7A4F7556}") = "OcelotApiGateway", "src\ApiGateways\OcelotApiGateway\OcelotApiGateway.csproj", "{66E25771-D654-4CBD-AAF3-A8C61FD3A607}"
EndProject
Global
	GlobalSection(SolutionConfigurationPlatforms) = preSolution
		Debug|Any CPU = Debug|Any CPU
		Release|Any CPU = Release|Any CPU
	EndGlobalSection
	GlobalSection(ProjectConfigurationPlatforms) = postSolution
		{DF7D5B0A-6A16-45EC-9368-AE14909B0A12}.Debug|Any CPU.ActiveCfg = Debug|Any CPU
		{DF7D5B0A-6A16-45EC-9368-AE14909B0A12}.Debug|Any CPU.Build.0 = Debug|Any CPU
		{DF7D5B0A-6A16-45EC-9368-AE14909B0A12}.Release|Any CPU.ActiveCfg = Release|Any CPU
		{DF7D5B0A-6A16-45EC-9368-AE14909B0A12}.Release|Any CPU.Build.0 = Release|Any CPU
		{00CB9803-E80B-4D30-8CD3-F6E76E08184C}.Debug|Any CPU.ActiveCfg = Debug|Any CPU
		{00CB9803-E80B-4D30-8CD3-F6E76E08184C}.Debug|Any CPU.Build.0 = Debug|Any CPU
		{00CB9803-E80B-4D30-8CD3-F6E76E08184C}.Release|Any CPU.ActiveCfg = Release|Any CPU
		{00CB9803-E80B-4D30-8CD3-F6E76E08184C}.Release|Any CPU.Build.0 = Release|Any CPU
		{9A9F1208-D6E8-4C2D-93A5-603FD1E0AD26}.Debug|Any CPU.ActiveCfg = Debug|Any CPU
		{9A9F1208-D6E8-4C2D-93A5-603FD1E0AD26}.Debug|Any CPU.Build.0 = Debug|Any CPU
		{9A9F1208-D6E8-4C2D-93A5-603FD1E0AD26}.Release|Any CPU.ActiveCfg = Release|Any CPU
		{9A9F1208-D6E8-4C2D-93A5-603FD1E0AD26}.Release|Any CPU.Build.0 = Release|Any CPU
		{2198D6EC-B90F-4E4B-B079-E25D6D402F4E}.Debug|Any CPU.ActiveCfg = Debug|Any CPU
		{2198D6EC-B90F-4E4B-B079-E25D6D402F4E}.Debug|Any CPU.Build.0 = Debug|Any CPU
		{2198D6EC-B90F-4E4B-B079-E25D6D402F4E}.Release|Any CPU.ActiveCfg = Release|Any CPU
		{2198D6EC-B90F-4E4B-B079-E25D6D402F4E}.Release|Any CPU.Build.0 = Release|Any CPU
		{68159084-3E40-4A1D-B254-711E9E120139}.Debug|Any CPU.ActiveCfg = Debug|Any CPU
		{68159084-3E40-4A1D-B254-711E9E120139}.Debug|Any CPU.Build.0 = Debug|Any CPU
		{68159084-3E40-4A1D-B254-711E9E120139}.Release|Any CPU.ActiveCfg = Release|Any CPU
		{68159084-3E40-4A1D-B254-711E9E120139}.Release|Any CPU.Build.0 = Release|Any CPU
		{E719394C-D2AD-4CAE-AC19-082E1A445033}.Debug|Any CPU.ActiveCfg = Debug|Any CPU
		{E719394C-D2AD-4CAE-AC19-082E1A445033}.Debug|Any CPU.Build.0 = Debug|Any CPU
		{E719394C-D2AD-4CAE-AC19-082E1A445033}.Release|Any CPU.ActiveCfg = Release|Any CPU
		{E719394C-D2AD-4CAE-AC19-082E1A445033}.Release|Any CPU.Build.0 = Release|Any CPU
		{C0622FA9-2386-40B3-A275-0EDA241B1793}.Debug|Any CPU.ActiveCfg = Debug|Any CPU
		{C0622FA9-2386-40B3-A275-0EDA241B1793}.Debug|Any CPU.Build.0 = Debug|Any CPU
		{C0622FA9-2386-40B3-A275-0EDA241B1793}.Release|Any CPU.ActiveCfg = Release|Any CPU
		{C0622FA9-2386-40B3-A275-0EDA241B1793}.Release|Any CPU.Build.0 = Release|Any CPU
		{902BA47E-441B-4BAC-BEC6-CBF20C1FF1AB}.Debug|Any CPU.ActiveCfg = Debug|Any CPU
		{902BA47E-441B-4BAC-BEC6-CBF20C1FF1AB}.Debug|Any CPU.Build.0 = Debug|Any CPU
		{902BA47E-441B-4BAC-BEC6-CBF20C1FF1AB}.Release|Any CPU.ActiveCfg = Release|Any CPU
		{902BA47E-441B-4BAC-BEC6-CBF20C1FF1AB}.Release|Any CPU.Build.0 = Release|Any CPU
		{B3AD61BD-CA51-4AEE-94B4-F15E93E75340}.Debug|Any CPU.ActiveCfg = Debug|Any CPU
		{B3AD61BD-CA51-4AEE-94B4-F15E93E75340}.Debug|Any CPU.Build.0 = Debug|Any CPU
		{B3AD61BD-CA51-4AEE-94B4-F15E93E75340}.Release|Any CPU.ActiveCfg = Release|Any CPU
		{B3AD61BD-CA51-4AEE-94B4-F15E93E75340}.Release|Any CPU.Build.0 = Release|Any CPU
		{3714FCCF-1CB6-43DD-BD34-A959B388CB96}.Debug|Any CPU.ActiveCfg = Debug|Any CPU
		{3714FCCF-1CB6-43DD-BD34-A959B388CB96}.Debug|Any CPU.Build.0 = Debug|Any CPU
		{3714FCCF-1CB6-43DD-BD34-A959B388CB96}.Release|Any CPU.ActiveCfg = Release|Any CPU
		{3714FCCF-1CB6-43DD-BD34-A959B388CB96}.Release|Any CPU.Build.0 = Release|Any CPU
		{970C2FB7-9A26-4904-86A2-865AA6FD6299}.Debug|Any CPU.ActiveCfg = Debug|Any CPU
		{970C2FB7-9A26-4904-86A2-865AA6FD6299}.Debug|Any CPU.Build.0 = Debug|Any CPU
		{970C2FB7-9A26-4904-86A2-865AA6FD6299}.Release|Any CPU.ActiveCfg = Release|Any CPU
		{970C2FB7-9A26-4904-86A2-865AA6FD6299}.Release|Any CPU.Build.0 = Release|Any CPU
		{31EA6DA8-DEAA-43ED-B8A8-9E1E56D3808E}.Debug|Any CPU.ActiveCfg = Debug|Any CPU
		{31EA6DA8-DEAA-43ED-B8A8-9E1E56D3808E}.Debug|Any CPU.Build.0 = Debug|Any CPU
		{31EA6DA8-DEAA-43ED-B8A8-9E1E56D3808E}.Release|Any CPU.ActiveCfg = Release|Any CPU
		{31EA6DA8-DEAA-43ED-B8A8-9E1E56D3808E}.Release|Any CPU.Build.0 = Release|Any CPU
		{66E25771-D654-4CBD-AAF3-A8C61FD3A607}.Debug|Any CPU.ActiveCfg = Debug|Any CPU
		{66E25771-D654-4CBD-AAF3-A8C61FD3A607}.Debug|Any CPU.Build.0 = Debug|Any CPU
		{66E25771-D654-4CBD-AAF3-A8C61FD3A607}.Release|Any CPU.ActiveCfg = Release|Any CPU
		{66E25771-D654-4CBD-AAF3-A8C61FD3A607}.Release|Any CPU.Build.0 = Release|Any CPU
	EndGlobalSection
	GlobalSection(SolutionProperties) = preSolution
		HideSolutionNode = FALSE
	EndGlobalSection
	GlobalSection(NestedProjects) = preSolution
		{2A819034-674C-4F7F-994A-EC5D3375E564} = {C90839D4-3021-4E3E-BBC7-5ABBD3ED72BC}
		{DF7D5B0A-6A16-45EC-9368-AE14909B0A12} = {2A819034-674C-4F7F-994A-EC5D3375E564}
		{00CB9803-E80B-4D30-8CD3-F6E76E08184C} = {2A819034-674C-4F7F-994A-EC5D3375E564}
		{C62B9CBE-DFBA-4592-97CA-A10B9C124A5B} = {C90839D4-3021-4E3E-BBC7-5ABBD3ED72BC}
		{9A9F1208-D6E8-4C2D-93A5-603FD1E0AD26} = {C62B9CBE-DFBA-4592-97CA-A10B9C124A5B}
		{4ED86563-CD6D-484A-99E5-4990FDC602D6} = {C90839D4-3021-4E3E-BBC7-5ABBD3ED72BC}
		{2198D6EC-B90F-4E4B-B079-E25D6D402F4E} = {4ED86563-CD6D-484A-99E5-4990FDC602D6}
		{68159084-3E40-4A1D-B254-711E9E120139} = {C62B9CBE-DFBA-4592-97CA-A10B9C124A5B}
		{E719394C-D2AD-4CAE-AC19-082E1A445033} = {C62B9CBE-DFBA-4592-97CA-A10B9C124A5B}
		{C0622FA9-2386-40B3-A275-0EDA241B1793} = {C62B9CBE-DFBA-4592-97CA-A10B9C124A5B}
		{902BA47E-441B-4BAC-BEC6-CBF20C1FF1AB} = {C62B9CBE-DFBA-4592-97CA-A10B9C124A5B}
		{B3AD61BD-CA51-4AEE-94B4-F15E93E75340} = {C62B9CBE-DFBA-4592-97CA-A10B9C124A5B}
		{3714FCCF-1CB6-43DD-BD34-A959B388CB96} = {2A819034-674C-4F7F-994A-EC5D3375E564}
		{970C2FB7-9A26-4904-86A2-865AA6FD6299} = {2A819034-674C-4F7F-994A-EC5D3375E564}
		{31EA6DA8-DEAA-43ED-B8A8-9E1E56D3808E} = {2A819034-674C-4F7F-994A-EC5D3375E564}
		{13EE4330-CA48-4164-973E-46CE138A5057} = {C90839D4-3021-4E3E-BBC7-5ABBD3ED72BC}
		{66E25771-D654-4CBD-AAF3-A8C61FD3A607} = {13EE4330-CA48-4164-973E-46CE138A5057}
	EndGlobalSection
	GlobalSection(ExtensibilityGlobals) = postSolution
		SolutionGuid = {8447BE15-997D-4CB6-8488-21C8F052831D}
	EndGlobalSection
EndGlobal
