
Microsoft Visual Studio Solution File, Format Version 12.00
# Visual Studio Version 17
VisualStudioVersion = 17.11.35312.102
MinimumVisualStudioVersion = 10.0.40219.1
Project("{2150E333-8FDC-42A3-9474-1A3956D46DE8}") = "Solution Items", "Solution Items", "{50A67DB2-4C05-4EED-9777-D33C50E515DF}"
	ProjectSection(SolutionItems) = preProject
		.gitignore = .gitignore
		global.json = global.json
		README.md = README.md
	EndProjectSection
EndProject
Project("{2150E333-8FDC-42A3-9474-1A3956D46DE8}") = "src", "src", "{C90839D4-3021-4E3E-BBC7-5ABBD3ED72BC}"
EndProject
Project("{2150E333-8FDC-42A3-9474-1A3956D46DE8}") = "BuildingBlocks", "BuildingBlocks", "{2A819034-674C-4F7F-994A-EC5D3375E564}"
EndProject
Project("{9A19103F-16F7-4668-BE54-9A1E7A4F7556}") = "Common.Logging", "src\BuildingBlocks\Common.Logging\Common.Logging.csproj", "{DF7D5B0A-6A16-45EC-9368-AE14909B0A12}"
EndProject
Project("{2150E333-8FDC-42A3-9474-1A3956D46DE8}") = "Services", "Services", "{C62B9CBE-DFBA-4592-97CA-A10B9C124A5B}"
EndProject
Project("{9A19103F-16F7-4668-BE54-9A1E7A4F7556}") = "Basket.API", "src\Services\Basket.API\Basket.API.csproj", "{9A9F1208-D6E8-4C2D-93A5-603FD1E0AD26}"
EndProject
Project("{2150E333-8FDC-42A3-9474-1A3956D46DE8}") = "WebApps", "WebApps", "{4ED86563-CD6D-484A-99E5-4990FDC602D6}"
EndProject
Project("{9A19103F-16F7-4668-BE54-9A1E7A4F7556}") = "WebHealthStatus", "src\WebApps\WebHealthStatus\WebHealthStatus.csproj", "{2198D6EC-B90F-4E4B-B079-E25D6D402F4E}"
EndProject
Project("{9A19103F-16F7-4668-BE54-9A1E7A4F7556}") = "Handfire.API", "src\Services\Handfire.API\Handfire.API.csproj", "{902BA47E-441B-4BAC-BEC6-CBF20C1FF1AB}"
EndProject
Project("{9A19103F-16F7-4668-BE54-9A1E7A4F7556}") = "Product.API", "src\Services\Product.API\Product.API.csproj", "{B3AD61BD-CA51-4AEE-94B4-F15E93E75340}"
EndProject
Project("{9A19103F-16F7-4668-BE54-9A1E7A4F7556}") = "Contracts", "src\BuildingBlocks\Contracts\Contracts.csproj", "{3714FCCF-1CB6-43DD-BD34-A959B388CB96}"
EndProject
Project("{9A19103F-16F7-4668-BE54-9A1E7A4F7556}") = "Infrastructure", "src\BuildingBlocks\Infrastructure\Infrastructure.csproj", "{970C2FB7-9A26-4904-86A2-865AA6FD6299}"
EndProject
Project("{9A19103F-16F7-4668-BE54-9A1E7A4F7556}") = "Shared", "src\BuildingBlocks\Shared\Shared.csproj", "{31EA6DA8-DEAA-43ED-B8A8-9E1E56D3808E}"
EndProject
Project("{2150E333-8FDC-42A3-9474-1A3956D46DE8}") = "ApiGateways", "ApiGateways", "{13EE4330-CA48-4164-973E-46CE138A5057}"
EndProject
Project("{9A19103F-16F7-4668-BE54-9A1E7A4F7556}") = "OcelotApiGateway", "src\ApiGateways\OcelotApiGateway\OcelotApiGateway.csproj", "{66E25771-D654-4CBD-AAF3-A8C61FD3A607}"
EndProject
Project("{2150E333-8FDC-42A3-9474-1A3956D46DE8}") = "tests", "tests", "{5A1C0E6C-D1E9-41B3-8E52-9F0C9ABA9FE8}"
EndProject
Project("{E53339B2-1760-4266-BCC7-CA923CBCF16C}") = "Docker-compose", "Docker-compose.dcproj", "{DA73BC74-D41F-4077-B239-16888CB72074}"
EndProject
Project("{9A19103F-16F7-4668-BE54-9A1E7A4F7556}") = "Customer.API", "src\Services\Customer.API\Customer.API.csproj", "{B439EA6C-F13F-45ED-9195-B732DB28529F}"
EndProject
Project("{2150E333-8FDC-42A3-9474-1A3956D46DE8}") = "Ordering.API", "Ordering.API", "{240C5BB9-CD16-41E5-A303-BC3635AAB1C4}"
EndProject
Project("{9A19103F-16F7-4668-BE54-9A1E7A4F7556}") = "Ordering.API", "src\Services\Ordering.API\Ordering.API\Ordering.API.csproj", "{7BA380E3-E01C-40C3-90A6-B5AE423374AC}"
EndProject
Project("{FAE04EC0-301F-11D3-BF4B-00C04F79EFBC}") = "Ordering.Application", "src\Services\Ordering.API\Ordering.Application\Ordering.Application.csproj", "{730D7A8B-58B4-44E2-BBDF-E7E2E039FD9C}"
EndProject
Project("{FAE04EC0-301F-11D3-BF4B-00C04F79EFBC}") = "Ordering.Domain", "src\Services\Ordering.API\Ordering.Domain\Ordering.Domain.csproj", "{85EEEAB2-CE46-4768-961A-BA443ED61EC0}"
EndProject
Project("{9A19103F-16F7-4668-BE54-9A1E7A4F7556}") = "Ordering.Infrastructure", "src\Services\Ordering.API\Ordering.Infrastructure\Ordering.Infrastructure.csproj", "{D534F3A3-64C4-4CC6-9FB2-17892A22044D}"
EndProject
Project("{2150E333-8FDC-42A3-9474-1A3956D46DE8}") = "EventBus", "EventBus", "{32DA707A-1152-4E54-89D7-A8B33FD12145}"
EndProject
Project("{FAE04EC0-301F-11D3-BF4B-00C04F79EFBC}") = "EventBus.Messages", "src\BuildingBlocks\EventBus\EventBus.Messages\EventBus.Messages.csproj", "{61F34083-AD20-43B9-B2A0-961720AB9EFA}"
EndProject
Project("{2150E333-8FDC-42A3-9474-1A3956D46DE8}") = "Inventory.API", "Inventory.API", "{39D4E323-36A0-44C6-B317-2B436C293D49}"
EndProject
Project("{FAE04EC0-301F-11D3-BF4B-00C04F79EFBC}") = "Inventory.Product.API", "src\Services\Inventory.API\Inventory.Product.API\Inventory.Product.API.csproj", "{F23C5383-D72A-45D9-A74B-0D5032BA22A7}"
EndProject
Global
	GlobalSection(SolutionConfigurationPlatforms) = preSolution
		Debug|Any CPU = Debug|Any CPU
		Release|Any CPU = Release|Any CPU
	EndGlobalSection
	GlobalSection(ProjectConfigurationPlatforms) = postSolution
		{DF7D5B0A-6A16-45EC-9368-AE14909B0A12}.Debug|Any CPU.ActiveCfg = Debug|Any CPU
		{DF7D5B0A-6A16-45EC-9368-AE14909B0A12}.Debug|Any CPU.Build.0 = Debug|Any CPU
		{DF7D5B0A-6A16-45EC-9368-AE14909B0A12}.Release|Any CPU.ActiveCfg = Release|Any CPU
		{DF7D5B0A-6A16-45EC-9368-AE14909B0A12}.Release|Any CPU.Build.0 = Release|Any CPU
		{9A9F1208-D6E8-4C2D-93A5-603FD1E0AD26}.Debug|Any CPU.ActiveCfg = Debug|Any CPU
		{9A9F1208-D6E8-4C2D-93A5-603FD1E0AD26}.Debug|Any CPU.Build.0 = Debug|Any CPU
		{9A9F1208-D6E8-4C2D-93A5-603FD1E0AD26}.Release|Any CPU.ActiveCfg = Release|Any CPU
		{9A9F1208-D6E8-4C2D-93A5-603FD1E0AD26}.Release|Any CPU.Build.0 = Release|Any CPU
		{2198D6EC-B90F-4E4B-B079-E25D6D402F4E}.Debug|Any CPU.ActiveCfg = Debug|Any CPU
		{2198D6EC-B90F-4E4B-B079-E25D6D402F4E}.Debug|Any CPU.Build.0 = Debug|Any CPU
		{2198D6EC-B90F-4E4B-B079-E25D6D402F4E}.Release|Any CPU.ActiveCfg = Release|Any CPU
		{2198D6EC-B90F-4E4B-B079-E25D6D402F4E}.Release|Any CPU.Build.0 = Release|Any CPU
		{902BA47E-441B-4BAC-BEC6-CBF20C1FF1AB}.Debug|Any CPU.ActiveCfg = Debug|Any CPU
		{902BA47E-441B-4BAC-BEC6-CBF20C1FF1AB}.Debug|Any CPU.Build.0 = Debug|Any CPU
		{902BA47E-441B-4BAC-BEC6-CBF20C1FF1AB}.Release|Any CPU.ActiveCfg = Release|Any CPU
		{902BA47E-441B-4BAC-BEC6-CBF20C1FF1AB}.Release|Any CPU.Build.0 = Release|Any CPU
		{B3AD61BD-CA51-4AEE-94B4-F15E93E75340}.Debug|Any CPU.ActiveCfg = Debug|Any CPU
		{B3AD61BD-CA51-4AEE-94B4-F15E93E75340}.Debug|Any CPU.Build.0 = Debug|Any CPU
		{B3AD61BD-CA51-4AEE-94B4-F15E93E75340}.Release|Any CPU.ActiveCfg = Release|Any CPU
		{B3AD61BD-CA51-4AEE-94B4-F15E93E75340}.Release|Any CPU.Build.0 = Release|Any CPU
		{3714FCCF-1CB6-43DD-BD34-A959B388CB96}.Debug|Any CPU.ActiveCfg = Debug|Any CPU
		{3714FCCF-1CB6-43DD-BD34-A959B388CB96}.Debug|Any CPU.Build.0 = Debug|Any CPU
		{3714FCCF-1CB6-43DD-BD34-A959B388CB96}.Release|Any CPU.ActiveCfg = Release|Any CPU
		{3714FCCF-1CB6-43DD-BD34-A959B388CB96}.Release|Any CPU.Build.0 = Release|Any CPU
		{970C2FB7-9A26-4904-86A2-865AA6FD6299}.Debug|Any CPU.ActiveCfg = Debug|Any CPU
		{970C2FB7-9A26-4904-86A2-865AA6FD6299}.Debug|Any CPU.Build.0 = Debug|Any CPU
		{970C2FB7-9A26-4904-86A2-865AA6FD6299}.Release|Any CPU.ActiveCfg = Release|Any CPU
		{970C2FB7-9A26-4904-86A2-865AA6FD6299}.Release|Any CPU.Build.0 = Release|Any CPU
		{31EA6DA8-DEAA-43ED-B8A8-9E1E56D3808E}.Debug|Any CPU.ActiveCfg = Debug|Any CPU
		{31EA6DA8-DEAA-43ED-B8A8-9E1E56D3808E}.Debug|Any CPU.Build.0 = Debug|Any CPU
		{31EA6DA8-DEAA-43ED-B8A8-9E1E56D3808E}.Release|Any CPU.ActiveCfg = Release|Any CPU
		{31EA6DA8-DEAA-43ED-B8A8-9E1E56D3808E}.Release|Any CPU.Build.0 = Release|Any CPU
		{66E25771-D654-4CBD-AAF3-A8C61FD3A607}.Debug|Any CPU.ActiveCfg = Debug|Any CPU
		{66E25771-D654-4CBD-AAF3-A8C61FD3A607}.Debug|Any CPU.Build.0 = Debug|Any CPU
		{66E25771-D654-4CBD-AAF3-A8C61FD3A607}.Release|Any CPU.ActiveCfg = Release|Any CPU
		{66E25771-D654-4CBD-AAF3-A8C61FD3A607}.Release|Any CPU.Build.0 = Release|Any CPU
		{DA73BC74-D41F-4077-B239-16888CB72074}.Debug|Any CPU.ActiveCfg = Debug|Any CPU
		{DA73BC74-D41F-4077-B239-16888CB72074}.Debug|Any CPU.Build.0 = Debug|Any CPU
		{DA73BC74-D41F-4077-B239-16888CB72074}.Release|Any CPU.ActiveCfg = Release|Any CPU
		{DA73BC74-D41F-4077-B239-16888CB72074}.Release|Any CPU.Build.0 = Release|Any CPU
		{B439EA6C-F13F-45ED-9195-B732DB28529F}.Debug|Any CPU.ActiveCfg = Debug|Any CPU
		{B439EA6C-F13F-45ED-9195-B732DB28529F}.Debug|Any CPU.Build.0 = Debug|Any CPU
		{B439EA6C-F13F-45ED-9195-B732DB28529F}.Release|Any CPU.ActiveCfg = Release|Any CPU
		{B439EA6C-F13F-45ED-9195-B732DB28529F}.Release|Any CPU.Build.0 = Release|Any CPU
		{7BA380E3-E01C-40C3-90A6-B5AE423374AC}.Debug|Any CPU.ActiveCfg = Debug|Any CPU
		{7BA380E3-E01C-40C3-90A6-B5AE423374AC}.Debug|Any CPU.Build.0 = Debug|Any CPU
		{7BA380E3-E01C-40C3-90A6-B5AE423374AC}.Release|Any CPU.ActiveCfg = Release|Any CPU
		{7BA380E3-E01C-40C3-90A6-B5AE423374AC}.Release|Any CPU.Build.0 = Release|Any CPU
		{730D7A8B-58B4-44E2-BBDF-E7E2E039FD9C}.Debug|Any CPU.ActiveCfg = Debug|Any CPU
		{730D7A8B-58B4-44E2-BBDF-E7E2E039FD9C}.Debug|Any CPU.Build.0 = Debug|Any CPU
		{730D7A8B-58B4-44E2-BBDF-E7E2E039FD9C}.Release|Any CPU.ActiveCfg = Release|Any CPU
		{730D7A8B-58B4-44E2-BBDF-E7E2E039FD9C}.Release|Any CPU.Build.0 = Release|Any CPU
		{85EEEAB2-CE46-4768-961A-BA443ED61EC0}.Debug|Any CPU.ActiveCfg = Debug|Any CPU
		{85EEEAB2-CE46-4768-961A-BA443ED61EC0}.Debug|Any CPU.Build.0 = Debug|Any CPU
		{85EEEAB2-CE46-4768-961A-BA443ED61EC0}.Release|Any CPU.ActiveCfg = Release|Any CPU
		{85EEEAB2-CE46-4768-961A-BA443ED61EC0}.Release|Any CPU.Build.0 = Release|Any CPU
		{D534F3A3-64C4-4CC6-9FB2-17892A22044D}.Debug|Any CPU.ActiveCfg = Debug|Any CPU
		{D534F3A3-64C4-4CC6-9FB2-17892A22044D}.Debug|Any CPU.Build.0 = Debug|Any CPU
		{D534F3A3-64C4-4CC6-9FB2-17892A22044D}.Release|Any CPU.ActiveCfg = Release|Any CPU
		{D534F3A3-64C4-4CC6-9FB2-17892A22044D}.Release|Any CPU.Build.0 = Release|Any CPU
		{61F34083-AD20-43B9-B2A0-961720AB9EFA}.Debug|Any CPU.ActiveCfg = Debug|Any CPU
		{61F34083-AD20-43B9-B2A0-961720AB9EFA}.Debug|Any CPU.Build.0 = Debug|Any CPU
		{61F34083-AD20-43B9-B2A0-961720AB9EFA}.Release|Any CPU.ActiveCfg = Release|Any CPU
		{61F34083-AD20-43B9-B2A0-961720AB9EFA}.Release|Any CPU.Build.0 = Release|Any CPU
		{F23C5383-D72A-45D9-A74B-0D5032BA22A7}.Debug|Any CPU.ActiveCfg = Debug|Any CPU
		{F23C5383-D72A-45D9-A74B-0D5032BA22A7}.Debug|Any CPU.Build.0 = Debug|Any CPU
		{F23C5383-D72A-45D9-A74B-0D5032BA22A7}.Release|Any CPU.ActiveCfg = Release|Any CPU
		{F23C5383-D72A-45D9-A74B-0D5032BA22A7}.Release|Any CPU.Build.0 = Release|Any CPU
	EndGlobalSection
	GlobalSection(SolutionProperties) = preSolution
		HideSolutionNode = FALSE
	EndGlobalSection
	GlobalSection(NestedProjects) = preSolution
		{2A819034-674C-4F7F-994A-EC5D3375E564} = {C90839D4-3021-4E3E-BBC7-5ABBD3ED72BC}
		{DF7D5B0A-6A16-45EC-9368-AE14909B0A12} = {2A819034-674C-4F7F-994A-EC5D3375E564}
		{C62B9CBE-DFBA-4592-97CA-A10B9C124A5B} = {C90839D4-3021-4E3E-BBC7-5ABBD3ED72BC}
		{9A9F1208-D6E8-4C2D-93A5-603FD1E0AD26} = {C62B9CBE-DFBA-4592-97CA-A10B9C124A5B}
		{4ED86563-CD6D-484A-99E5-4990FDC602D6} = {C90839D4-3021-4E3E-BBC7-5ABBD3ED72BC}
		{2198D6EC-B90F-4E4B-B079-E25D6D402F4E} = {4ED86563-CD6D-484A-99E5-4990FDC602D6}
		{902BA47E-441B-4BAC-BEC6-CBF20C1FF1AB} = {C62B9CBE-DFBA-4592-97CA-A10B9C124A5B}
		{B3AD61BD-CA51-4AEE-94B4-F15E93E75340} = {C62B9CBE-DFBA-4592-97CA-A10B9C124A5B}
		{3714FCCF-1CB6-43DD-BD34-A959B388CB96} = {2A819034-674C-4F7F-994A-EC5D3375E564}
		{970C2FB7-9A26-4904-86A2-865AA6FD6299} = {2A819034-674C-4F7F-994A-EC5D3375E564}
		{31EA6DA8-DEAA-43ED-B8A8-9E1E56D3808E} = {2A819034-674C-4F7F-994A-EC5D3375E564}
		{13EE4330-CA48-4164-973E-46CE138A5057} = {C90839D4-3021-4E3E-BBC7-5ABBD3ED72BC}
		{66E25771-D654-4CBD-AAF3-A8C61FD3A607} = {13EE4330-CA48-4164-973E-46CE138A5057}
		{5A1C0E6C-D1E9-41B3-8E52-9F0C9ABA9FE8} = {C90839D4-3021-4E3E-BBC7-5ABBD3ED72BC}
		{B439EA6C-F13F-45ED-9195-B732DB28529F} = {C62B9CBE-DFBA-4592-97CA-A10B9C124A5B}
		{240C5BB9-CD16-41E5-A303-BC3635AAB1C4} = {C62B9CBE-DFBA-4592-97CA-A10B9C124A5B}
		{7BA380E3-E01C-40C3-90A6-B5AE423374AC} = {240C5BB9-CD16-41E5-A303-BC3635AAB1C4}
		{730D7A8B-58B4-44E2-BBDF-E7E2E039FD9C} = {240C5BB9-CD16-41E5-A303-BC3635AAB1C4}
		{85EEEAB2-CE46-4768-961A-BA443ED61EC0} = {240C5BB9-CD16-41E5-A303-BC3635AAB1C4}
		{D534F3A3-64C4-4CC6-9FB2-17892A22044D} = {240C5BB9-CD16-41E5-A303-BC3635AAB1C4}
		{32DA707A-1152-4E54-89D7-A8B33FD12145} = {2A819034-674C-4F7F-994A-EC5D3375E564}
		{61F34083-AD20-43B9-B2A0-961720AB9EFA} = {32DA707A-1152-4E54-89D7-A8B33FD12145}
		{39D4E323-36A0-44C6-B317-2B436C293D49} = {C62B9CBE-DFBA-4592-97CA-A10B9C124A5B}
		{F23C5383-D72A-45D9-A74B-0D5032BA22A7} = {39D4E323-36A0-44C6-B317-2B436C293D49}
	EndGlobalSection
	GlobalSection(ExtensibilityGlobals) = postSolution
		SolutionGuid = {8447BE15-997D-4CB6-8488-21C8F052831D}
	EndGlobalSection
EndGlobal
